
Microsoft Visual Studio Solution File, Format Version 12.00
# Visual Studio Version 17
VisualStudioVersion = 17.6.33801.468
MinimumVisualStudioVersion = 10.0.40219.1
Project("{FAE04EC0-301F-11D3-BF4B-00C04F79EFBC}") = "Train1", "Train1.csproj", "{BFA62353-3CE8-42D0-9DD9-4B4204A53248}"
EndProject
Global
	GlobalSection(SolutionConfigurationPlatforms) = preSolution
		Debug|Any CPU = Debug|Any CPU
		Release|Any CPU = Release|Any CPU
	EndGlobalSection
	GlobalSection(ProjectConfigurationPlatforms) = postSolution
		{BFA62353-3CE8-42D0-9DD9-4B4204A53248}.Debug|Any CPU.ActiveCfg = Debug|Any CPU
		{BFA62353-3CE8-42D0-9DD9-4B4204A53248}.Debug|Any CPU.Build.0 = Debug|Any CPU
		{BFA62353-3CE8-42D0-9DD9-4B4204A53248}.Release|Any CPU.ActiveCfg = Release|Any CPU
		{BFA62353-3CE8-42D0-9DD9-4B4204A53248}.Release|Any CPU.Build.0 = Release|Any CPU
	EndGlobalSection
	GlobalSection(SolutionProperties) = preSolution
		HideSolutionNode = FALSE
	EndGlobalSection
	GlobalSection(ExtensibilityGlobals) = postSolution
		SolutionGuid = {FE06661C-0BE9-44DD-A256-AD9C2D8A8EC8}
	EndGlobalSection
EndGlobal
